{
  "originHash" : "0f6fa789e3ccd649ba0dc0bf0e62d112b1bbe417fa1c42d661c1038d7c38a0a3",
  "pins" : [
    {
      "identity" : "openai",
      "kind" : "remoteSourceControl",
      "location" : "https://github.com/MacPaw/OpenAI.git",
      "state" : {
        "revision" : "80045fcda7ba727a327eb0a525e983fd7a796c70",
        "version" : "0.4.6"
      }
    },
    {
      "identity" : "swift-http-types",
      "kind" : "remoteSourceControl",
      "location" : "https://github.com/apple/swift-http-types",
      "state" : {
        "revision" : "9410f6b9a3d418a5416cfe30d8de4227bc6890a0",
        "version" : "1.5.0"
      }
    },
    {
      "identity" : "swift-openapi-runtime",
      "kind" : "remoteSourceControl",
      "location" : "https://github.com/apple/swift-openapi-runtime",
      "state" : {
        "revision" : "7722cf8eac05c1f1b5b05895b04cfcc29576d9be",
        "version" : "1.8.3"
      }
    }
  ],
  "version" : 3
}
